# This file is automatically generated by Poetry 1.8.2 to lock dependencies.
# Manual edits may be overwritten.

[[package]]
name = "asgiref"
version = "3.8.1"
description = "ASGI specs, helper code, and adapters"
optional = false
python-versions = ">=3.8"
files = [
    {file = "asgiref-3.8.1-py3-none-any.whl", hash = "sha256:3e104e12e1a383d4c38ff0390f701c90539b9bc88a5da984e1ee0eeecad5cb76"},
    {file = "asgiref-3.8.1.tar.gz", hash = "sha256:c343f35334316694ea511c97a5b3a4a2c07044df6568ba7d0c3eb9b9e66ff739"},
]

[[package]]
name = "django"
version = "5.1.0"
description = "A high-level Python web framework that encourages rapid development and clean, pragmatic design."
optional = false
python-versions = ">=3.10"
files = [
    {file = "Django-5.1-py3-none-any.whl", hash = "sha256:d8ba39a7b53fb4f48ff114e41dc41c0989fa2d2a452ef38b41ca0113c2394541"},
    {file = "Django-5.1.tar.gz", hash = "sha256:e64032d8479e0fba4bf0f4f107f9c2d1591f86ae6be7ceeb8347f7d1421f1146"},
]

[package.dependencies]
asgiref = ">=3.8.1"
sqlparse = ">=0.3.1"

[[package]]
name = "sqlparse"
version = "0.5.1"
description = "A non-validating SQL parser."
optional = false
python-versions = ">=3.8"
files = [
    {file = "sqlparse-0.5.1-py3-none-any.whl", hash = "sha256:c060eb80f6e3ab82b6fb5cc1e2eb3c4d7ecf8b50ec19cc9cc65aa0ce7f74811a"},
    {file = "sqlparse-0.5.1.tar.gz", hash = "sha256:4943a411516e88e27c19ad4ef9f056d68b92bca7e8cb30f0f5b40cf613fa0efc"},
]

[metadata]
lock-version = "2.0"
python-versions = "^3.10"
content-hash = "c18a93e36e4fef7d8b584d4128f9d6c342f7c0d5c80e326b528148b30f81a704"
